// !$*UTF8*$!
{
	archiveVersion = 1;
	classes = {
	};
	objectVersion = 56;
	objects = {

/* Begin PBXBuildFile section */
		AF9753C02998850200F79211 /* AppDelegate.swift in Sources */ = {isa = PBXBuildFile; fileRef = AF9753BF2998850200F79211 /* AppDelegate.swift */; };
		AF9753C22998850200F79211 /* SceneDelegate.swift in Sources */ = {isa = PBXBuildFile; fileRef = AF9753C12998850200F79211 /* SceneDelegate.swift */; };
		AF9753C72998850200F79211 /* Main.storyboard in Resources */ = {isa = PBXBuildFile; fileRef = AF9753C52998850200F79211 /* Main.storyboard */; };
		AF9753C92998850300F79211 /* Assets.xcassets in Resources */ = {isa = PBXBuildFile; fileRef = AF9753C82998850300F79211 /* Assets.xcassets */; };
		AF9753CC2998850300F79211 /* LaunchScreen.storyboard in Resources */ = {isa = PBXBuildFile; fileRef = AF9753CA2998850300F79211 /* LaunchScreen.storyboard */; };
		AF9753D82998882F00F79211 /* SportsTableViewController.swift in Sources */ = {isa = PBXBuildFile; fileRef = AF9753D72998882F00F79211 /* SportsTableViewController.swift */; };
		AF9753DA29988E6E00F79211 /* Team.swift in Sources */ = {isa = PBXBuildFile; fileRef = AF9753D929988E6E00F79211 /* Team.swift */; };
		AF9753DD29988F5300F79211 /* TeamController.swift in Sources */ = {isa = PBXBuildFile; fileRef = AF9753DC29988F5300F79211 /* TeamController.swift */; };
		AF9753E02998934500F79211 /* TeamTableViewCell.swift in Sources */ = {isa = PBXBuildFile; fileRef = AF9753DF2998934500F79211 /* TeamTableViewCell.swift */; };
		AF9753E2299894C900F79211 /* TeamDetailsViewController.swift in Sources */ = {isa = PBXBuildFile; fileRef = AF9753E1299894C900F79211 /* TeamDetailsViewController.swift */; };
/* End PBXBuildFile section */

/* Begin PBXFileReference section */
		AF9753BC2998850200F79211 /* Assessment 2.app */ = {isa = PBXFileReference; explicitFileType = wrapper.application; includeInIndex = 0; path = "Assessment 2.app"; sourceTree = BUILT_PRODUCTS_DIR; };
		AF9753BF2998850200F79211 /* AppDelegate.swift */ = {isa = PBXFileReference; lastKnownFileType = sourcecode.swift; path = AppDelegate.swift; sourceTree = "<group>"; };
		AF9753C12998850200F79211 /* SceneDelegate.swift */ = {isa = PBXFileReference; lastKnownFileType = sourcecode.swift; path = SceneDelegate.swift; sourceTree = "<group>"; };
		AF9753C62998850200F79211 /* Base */ = {isa = PBXFileReference; lastKnownFileType = file.storyboard; name = Base; path = Base.lproj/Main.storyboard; sourceTree = "<group>"; };
		AF9753C82998850300F79211 /* Assets.xcassets */ = {isa = PBXFileReference; lastKnownFileType = folder.assetcatalog; path = Assets.xcassets; sourceTree = "<group>"; };
		AF9753CB2998850300F79211 /* Base */ = {isa = PBXFileReference; lastKnownFileType = file.storyboard; name = Base; path = Base.lproj/LaunchScreen.storyboard; sourceTree = "<group>"; };
		AF9753CD2998850300F79211 /* Info.plist */ = {isa = PBXFileReference; lastKnownFileType = text.plist.xml; path = Info.plist; sourceTree = "<group>"; };
		AF9753D72998882F00F79211 /* SportsTableViewController.swift */ = {isa = PBXFileReference; lastKnownFileType = sourcecode.swift; path = SportsTableViewController.swift; sourceTree = "<group>"; };
		AF9753D929988E6E00F79211 /* Team.swift */ = {isa = PBXFileReference; lastKnownFileType = sourcecode.swift; path = Team.swift; sourceTree = "<group>"; };
		AF9753DC29988F5300F79211 /* TeamController.swift */ = {isa = PBXFileReference; lastKnownFileType = sourcecode.swift; path = TeamController.swift; sourceTree = "<group>"; };
		AF9753DF2998934500F79211 /* TeamTableViewCell.swift */ = {isa = PBXFileReference; lastKnownFileType = sourcecode.swift; path = TeamTableViewCell.swift; sourceTree = "<group>"; };
		AF9753E1299894C900F79211 /* TeamDetailsViewController.swift */ = {isa = PBXFileReference; lastKnownFileType = sourcecode.swift; path = TeamDetailsViewController.swift; sourceTree = "<group>"; };
/* End PBXFileReference section */

/* Begin PBXFrameworksBuildPhase section */
		AF9753B92998850200F79211 /* Frameworks */ = {
			isa = PBXFrameworksBuildPhase;
			buildActionMask = 2147483647;
			files = (
			);
			runOnlyForDeploymentPostprocessing = 0;
		};
/* End PBXFrameworksBuildPhase section */

/* Begin PBXGroup section */
		AF9753B32998850200F79211 = {
			isa = PBXGroup;
			children = (
				AF9753BE2998850200F79211 /* Assessment 2 */,
				AF9753BD2998850200F79211 /* Products */,
			);
			sourceTree = "<group>";
		};
		AF9753BD2998850200F79211 /* Products */ = {
			isa = PBXGroup;
			children = (
				AF9753BC2998850200F79211 /* Assessment 2.app */,
			);
			name = Products;
			sourceTree = "<group>";
		};
		AF9753BE2998850200F79211 /* Assessment 2 */ = {
			isa = PBXGroup;
			children = (
				AF9753DB29988F1F00F79211 /* Model */,
				AF9753D32998852D00F79211 /* StoryBoard */,
				AF9753D52998855300F79211 /* Controllers */,
				AF9753CD2998850300F79211 /* Info.plist */,
				AF9753C12998850200F79211 /* SceneDelegate.swift */,
				AF9753BF2998850200F79211 /* AppDelegate.swift */,
				AF9753C82998850300F79211 /* Assets.xcassets */,
			);
			path = "Assessment 2";
			sourceTree = "<group>";
		};
		AF9753D32998852D00F79211 /* StoryBoard */ = {
			isa = PBXGroup;
			children = (
				AF9753C52998850200F79211 /* Main.storyboard */,
				AF9753CA2998850300F79211 /* LaunchScreen.storyboard */,
			);
			path = StoryBoard;
			sourceTree = "<group>";
		};
		AF9753D52998855300F79211 /* Controllers */ = {
			isa = PBXGroup;
			children = (
				AF9753DE29988F5900F79211 /* Model Controller */,
				AF9753D62998855900F79211 /* ViewControllers */,
			);
			path = Controllers;
			sourceTree = "<group>";
		};
		AF9753D62998855900F79211 /* ViewControllers */ = {
			isa = PBXGroup;
			children = (
				AF9753D72998882F00F79211 /* SportsTableViewController.swift */,
				AF9753DF2998934500F79211 /* TeamTableViewCell.swift */,
				AF9753E1299894C900F79211 /* TeamDetailsViewController.swift */,
			);
			path = ViewControllers;
			sourceTree = "<group>";
		};
		AF9753DB29988F1F00F79211 /* Model */ = {
			isa = PBXGroup;
			children = (
				AF9753D929988E6E00F79211 /* Team.swift */,
			);
			path = Model;
			sourceTree = "<group>";
		};
		AF9753DE29988F5900F79211 /* Model Controller */ = {
			isa = PBXGroup;
			children = (
				AF9753DC29988F5300F79211 /* TeamController.swift */,
			);
			path = "Model Controller";
			sourceTree = "<group>";
		};
/* End PBXGroup section */

/* Begin PBXNativeTarget section */
		AF9753BB2998850200F79211 /* Assessment 2 */ = {
			isa = PBXNativeTarget;
			buildConfigurationList = AF9753D02998850300F79211 /* Build configuration list for PBXNativeTarget "Assessment 2" */;
			buildPhases = (
				AF9753B82998850200F79211 /* Sources */,
				AF9753B92998850200F79211 /* Frameworks */,
				AF9753BA2998850200F79211 /* Resources */,
			);
			buildRules = (
			);
			dependencies = (
			);
			name = "Assessment 2";
			productName = "Assessment 2";
			productReference = AF9753BC2998850200F79211 /* Assessment 2.app */;
			productType = "com.apple.product-type.application";
		};
/* End PBXNativeTarget section */

/* Begin PBXProject section */
		AF9753B42998850200F79211 /* Project object */ = {
			isa = PBXProject;
			attributes = {
				BuildIndependentTargetsInParallel = 1;
				LastSwiftUpdateCheck = 1420;
				LastUpgradeCheck = 1420;
				TargetAttributes = {
					AF9753BB2998850200F79211 = {
						CreatedOnToolsVersion = 14.2;
					};
				};
			};
			buildConfigurationList = AF9753B72998850200F79211 /* Build configuration list for PBXProject "Assessment 2" */;
			compatibilityVersion = "Xcode 14.0";
			developmentRegion = en;
			hasScannedForEncodings = 0;
			knownRegions = (
				en,
				Base,
			);
			mainGroup = AF9753B32998850200F79211;
			productRefGroup = AF9753BD2998850200F79211 /* Products */;
			projectDirPath = "";
			projectRoot = "";
			targets = (
				AF9753BB2998850200F79211 /* Assessment 2 */,
			);
		};
/* End PBXProject section */

/* Begin PBXResourcesBuildPhase section */
		AF9753BA2998850200F79211 /* Resources */ = {
			isa = PBXResourcesBuildPhase;
			buildActionMask = 2147483647;
			files = (
				AF9753CC2998850300F79211 /* LaunchScreen.storyboard in Resources */,
				AF9753C92998850300F79211 /* Assets.xcassets in Resources */,
				AF9753C72998850200F79211 /* Main.storyboard in Resources */,
			);
			runOnlyForDeploymentPostprocessing = 0;
		};
/* End PBXResourcesBuildPhase section */

/* Begin PBXSourcesBuildPhase section */
		AF9753B82998850200F79211 /* Sources */ = {
			isa = PBXSourcesBuildPhase;
			buildActionMask = 2147483647;
			files = (
				AF9753DA29988E6E00F79211 /* Team.swift in Sources */,
				AF9753DD29988F5300F79211 /* TeamController.swift in Sources */,
				AF9753E2299894C900F79211 /* TeamDetailsViewController.swift in Sources */,
				AF9753C02998850200F79211 /* AppDelegate.swift in Sources */,
				AF9753D82998882F00F79211 /* SportsTableViewController.swift in Sources */,
				AF9753E02998934500F79211 /* TeamTableViewCell.swift in Sources */,
				AF9753C22998850200F79211 /* SceneDelegate.swift in Sources */,
			);
			runOnlyForDeploymentPostprocessing = 0;
		};
/* End PBXSourcesBuildPhase section */

/* Begin PBXVariantGroup section */
		AF9753C52998850200F79211 /* Main.storyboard */ = {
			isa = PBXVariantGroup;
			children = (
				AF9753C62998850200F79211 /* Base */,
			);
			name = Main.storyboard;
			sourceTree = "<group>";
		};
		AF9753CA2998850300F79211 /* LaunchScreen.storyboard */ = {
			isa = PBXVariantGroup;
			children = (
				AF9753CB2998850300F79211 /* Base */,
			);
			name = LaunchScreen.storyboard;
			sourceTree = "<group>";
		};
/* End PBXVariantGroup section */

/* Begin XCBuildConfiguration section */
		AF9753CE2998850300F79211 /* Debug */ = {
			isa = XCBuildConfiguration;
			buildSettings = {
				ALWAYS_SEARCH_USER_PATHS = NO;
				CLANG_ANALYZER_NONNULL = YES;
				CLANG_ANALYZER_NUMBER_OBJECT_CONVERSION = YES_AGGRESSIVE;
				CLANG_CXX_LANGUAGE_STANDARD = "gnu++20";
				CLANG_ENABLE_MODULES = YES;
				CLANG_ENABLE_OBJC_ARC = YES;
				CLANG_ENABLE_OBJC_WEAK = YES;
				CLANG_WARN_BLOCK_CAPTURE_AUTORELEASING = YES;
				CLANG_WARN_BOOL_CONVERSION = YES;
				CLANG_WARN_COMMA = YES;
				CLANG_WARN_CONSTANT_CONVERSION = YES;
				CLANG_WARN_DEPRECATED_OBJC_IMPLEMENTATIONS = YES;
				CLANG_WARN_DIRECT_OBJC_ISA_USAGE = YES_ERROR;
				CLANG_WARN_DOCUMENTATION_COMMENTS = YES;
				CLANG_WARN_EMPTY_BODY = YES;
				CLANG_WARN_ENUM_CONVERSION = YES;
				CLANG_WARN_INFINITE_RECURSION = YES;
				CLANG_WARN_INT_CONVERSION = YES;
				CLANG_WARN_NON_LITERAL_NULL_CONVERSION = YES;
				CLANG_WARN_OBJC_IMPLICIT_RETAIN_SELF = YES;
				CLANG_WARN_OBJC_LITERAL_CONVERSION = YES;
				CLANG_WARN_OBJC_ROOT_CLASS = YES_ERROR;
				CLANG_WARN_QUOTED_INCLUDE_IN_FRAMEWORK_HEADER = YES;
				CLANG_WARN_RANGE_LOOP_ANALYSIS = YES;
				CLANG_WARN_STRICT_PROTOTYPES = YES;
				CLANG_WARN_SUSPICIOUS_MOVE = YES;
				CLANG_WARN_UNGUARDED_AVAILABILITY = YES_AGGRESSIVE;
				CLANG_WARN_UNREACHABLE_CODE = YES;
				CLANG_WARN__DUPLICATE_METHOD_MATCH = YES;
				COPY_PHASE_STRIP = NO;
				DEBUG_INFORMATION_FORMAT = dwarf;
				ENABLE_STRICT_OBJC_MSGSEND = YES;
				ENABLE_TESTABILITY = YES;
				GCC_C_LANGUAGE_STANDARD = gnu11;
				GCC_DYNAMIC_NO_PIC = NO;
				GCC_NO_COMMON_BLOCKS = YES;
				GCC_OPTIMIZATION_LEVEL = 0;
				GCC_PREPROCESSOR_DEFINITIONS = (
					"DEBUG=1",
					"$(inherited)",
				);
				GCC_WARN_64_TO_32_BIT_CONVERSION = YES;
				GCC_WARN_ABOUT_RETURN_TYPE = YES_ERROR;
				GCC_WARN_UNDECLARED_SELECTOR = YES;
				GCC_WARN_UNINITIALIZED_AUTOS = YES_AGGRESSIVE;
				GCC_WARN_UNUSED_FUNCTION = YES;
				GCC_WARN_UNUSED_VARIABLE = YES;
				IPHONEOS_DEPLOYMENT_TARGET = 16.2;
				MTL_ENABLE_DEBUG_INFO = INCLUDE_SOURCE;
				MTL_FAST_MATH = YES;
				ONLY_ACTIVE_ARCH = YES;
				SDKROOT = iphoneos;
				SWIFT_ACTIVE_COMPILATION_CONDITIONS = DEBUG;
				SWIFT_OPTIMIZATION_LEVEL = "-Onone";
			};
			name = Debug;
		};
		AF9753CF2998850300F79211 /* Release */ = {
			isa = XCBuildConfiguration;
			buildSettings = {
				ALWAYS_SEARCH_USER_PATHS = NO;
				CLANG_ANALYZER_NONNULL = YES;
				CLANG_ANALYZER_NUMBER_OBJECT_CONVERSION = YES_AGGRESSIVE;
				CLANG_CXX_LANGUAGE_STANDARD = "gnu++20";
				CLANG_ENABLE_MODULES = YES;
				CLANG_ENABLE_OBJC_ARC = YES;
				CLANG_ENABLE_OBJC_WEAK = YES;
				CLANG_WARN_BLOCK_CAPTURE_AUTORELEASING = YES;
				CLANG_WARN_BOOL_CONVERSION = YES;
				CLANG_WARN_COMMA = YES;
				CLANG_WARN_CONSTANT_CONVERSION = YES;
				CLANG_WARN_DEPRECATED_OBJC_IMPLEMENTATIONS = YES;
				CLANG_WARN_DIRECT_OBJC_ISA_USAGE = YES_ERROR;
				CLANG_WARN_DOCUMENTATION_COMMENTS = YES;
				CLANG_WARN_EMPTY_BODY = YES;
				CLANG_WARN_ENUM_CONVERSION = YES;
				CLANG_WARN_INFINITE_RECURSION = YES;
				CLANG_WARN_INT_CONVERSION = YES;
				CLANG_WARN_NON_LITERAL_NULL_CONVERSION = YES;
				CLANG_WARN_OBJC_IMPLICIT_RETAIN_SELF = YES;
				CLANG_WARN_OBJC_LITERAL_CONVERSION = YES;
				CLANG_WARN_OBJC_ROOT_CLASS = YES_ERROR;
				CLANG_WARN_QUOTED_INCLUDE_IN_FRAMEWORK_HEADER = YES;
				CLANG_WARN_RANGE_LOOP_ANALYSIS = YES;
				CLANG_WARN_STRICT_PROTOTYPES = YES;
				CLANG_WARN_SUSPICIOUS_MOVE = YES;
				CLANG_WARN_UNGUARDED_AVAILABILITY = YES_AGGRESSIVE;
				CLANG_WARN_UNREACHABLE_CODE = YES;
				CLANG_WARN__DUPLICATE_METHOD_MATCH = YES;
				COPY_PHASE_STRIP = NO;
				DEBUG_INFORMATION_FORMAT = "dwarf-with-dsym";
				ENABLE_NS_ASSERTIONS = NO;
				ENABLE_STRICT_OBJC_MSGSEND = YES;
				GCC_C_LANGUAGE_STANDARD = gnu11;
				GCC_NO_COMMON_BLOCKS = YES;
				GCC_WARN_64_TO_32_BIT_CONVERSION = YES;
				GCC_WARN_ABOUT_RETURN_TYPE = YES_ERROR;
				GCC_WARN_UNDECLARED_SELECTOR = YES;
				GCC_WARN_UNINITIALIZED_AUTOS = YES_AGGRESSIVE;
				GCC_WARN_UNUSED_FUNCTION = YES;
				GCC_WARN_UNUSED_VARIABLE = YES;
				IPHONEOS_DEPLOYMENT_TARGET = 16.2;
				MTL_ENABLE_DEBUG_INFO = NO;
				MTL_FAST_MATH = YES;
				SDKROOT = iphoneos;
				SWIFT_COMPILATION_MODE = wholemodule;
				SWIFT_OPTIMIZATION_LEVEL = "-O";
				VALIDATE_PRODUCT = YES;
			};
			name = Release;
		};
		AF9753D12998850300F79211 /* Debug */ = {
			isa = XCBuildConfiguration;
			buildSettings = {
				ASSETCATALOG_COMPILER_APPICON_NAME = AppIcon;
				ASSETCATALOG_COMPILER_GLOBAL_ACCENT_COLOR_NAME = AccentColor;
				CODE_SIGN_STYLE = Automatic;
				CURRENT_PROJECT_VERSION = 1;
				GENERATE_INFOPLIST_FILE = YES;
				INFOPLIST_FILE = "Assessment 2/Info.plist";
				INFOPLIST_KEY_UIApplicationSupportsIndirectInputEvents = YES;
				INFOPLIST_KEY_UILaunchStoryboardName = LaunchScreen;
				INFOPLIST_KEY_UIMainStoryboardFile = Main;
				INFOPLIST_KEY_UISupportedInterfaceOrientations_iPad = "UIInterfaceOrientationPortrait UIInterfaceOrientationPortraitUpsideDown UIInterfaceOrientationLandscapeLeft UIInterfaceOrientationLandscapeRight";
				INFOPLIST_KEY_UISupportedInterfaceOrientations_iPhone = "UIInterfaceOrientationPortrait UIInterfaceOrientationLandscapeLeft UIInterfaceOrientationLandscapeRight";
				LD_RUNPATH_SEARCH_PATHS = (
					"$(inherited)",
					"@executable_path/Frameworks",
				);
				MARKETING_VERSION = 1.0;
				PRODUCT_BUNDLE_IDENTIFIER = "BlakHawk-Productions.Assessment-2";
				PRODUCT_NAME = "$(TARGET_NAME)";
				SWIFT_EMIT_LOC_STRINGS = YES;
				SWIFT_VERSION = 5.0;
				TARGETED_DEVICE_FAMILY = "1,2";
			};
			name = Debug;
		};
		AF9753D22998850300F79211 /* Release */ = {
			isa = XCBuildConfiguration;
			buildSettings = {
				ASSETCATALOG_COMPILER_APPICON_NAME = AppIcon;
				ASSETCATALOG_COMPILER_GLOBAL_ACCENT_COLOR_NAME = AccentColor;
				CODE_SIGN_STYLE = Automatic;
				CURRENT_PROJECT_VERSION = 1;
				GENERATE_INFOPLIST_FILE = YES;
				INFOPLIST_FILE = "Assessment 2/Info.plist";
				INFOPLIST_KEY_UIApplicationSupportsIndirectInputEvents = YES;
				INFOPLIST_KEY_UILaunchStoryboardName = LaunchScreen;
				INFOPLIST_KEY_UIMainStoryboardFile = Main;
				INFOPLIST_KEY_UISupportedInterfaceOrientations_iPad = "UIInterfaceOrientationPortrait UIInterfaceOrientationPortraitUpsideDown UIInterfaceOrientationLandscapeLeft UIInterfaceOrientationLandscapeRight";
				INFOPLIST_KEY_UISupportedInterfaceOrientations_iPhone = "UIInterfaceOrientationPortrait UIInterfaceOrientationLandscapeLeft UIInterfaceOrientationLandscapeRight";
				LD_RUNPATH_SEARCH_PATHS = (
					"$(inherited)",
					"@executable_path/Frameworks",
				);
				MARKETING_VERSION = 1.0;
				PRODUCT_BUNDLE_IDENTIFIER = "BlakHawk-Productions.Assessment-2";
				PRODUCT_NAME = "$(TARGET_NAME)";
				SWIFT_EMIT_LOC_STRINGS = YES;
				SWIFT_VERSION = 5.0;
				TARGETED_DEVICE_FAMILY = "1,2";
			};
			name = Release;
		};
/* End XCBuildConfiguration section */

/* Begin XCConfigurationList section */
		AF9753B72998850200F79211 /* Build configuration list for PBXProject "Assessment 2" */ = {
			isa = XCConfigurationList;
			buildConfigurations = (
				AF9753CE2998850300F79211 /* Debug */,
				AF9753CF2998850300F79211 /* Release */,
			);
			defaultConfigurationIsVisible = 0;
			defaultConfigurationName = Release;
		};
		AF9753D02998850300F79211 /* Build configuration list for PBXNativeTarget "Assessment 2" */ = {
			isa = XCConfigurationList;
			buildConfigurations = (
				AF9753D12998850300F79211 /* Debug */,
				AF9753D22998850300F79211 /* Release */,
			);
			defaultConfigurationIsVisible = 0;
			defaultConfigurationName = Release;
		};
/* End XCConfigurationList section */
	};
	rootObject = AF9753B42998850200F79211 /* Project object */;
}
